// !$*UTF8*$!
{
	archiveVersion = 1;
	classes = {
	};
	objectVersion = 77;
	objects = {

/* Begin PBXBuildFile section */
		1468118946B482229EFFF870 /* IconCache.swift in Sources */ = {isa = PBXBuildFile; fileRef = C9E6F8441A87939DD7AD5F64 /* IconCache.swift */; };
		264E5AED4ADD07EFC41B62E3 /* DragState.swift in Sources */ = {isa = PBXBuildFile; fileRef = FCE6821DCD64715CC5D42BD7 /* DragState.swift */; };
		2A34A0F611588FDA089AB033 /* LayoutData.swift in Sources */ = {isa = PBXBuildFile; fileRef = 9BA6BC8E074B251A875E3599 /* LayoutData.swift */; };
		30F2F846DB09A6EE9B5D3683 /* GridPageView.swift in Sources */ = {isa = PBXBuildFile; fileRef = 0E7B942F0AE743967FAA542A /* GridPageView.swift */; };
		33CC86A828615DA440BA4737 /* BackgroundView.swift in Sources */ = {isa = PBXBuildFile; fileRef = 6B1AD81D2C9486EF9AF88D3C /* BackgroundView.swift */; };
		4AC1B14CC52E7AE5D7BF927F /* LayoutStore.swift in Sources */ = {isa = PBXBuildFile; fileRef = B3FBD4826F760701DE617F7E /* LayoutStore.swift */; };
		4B352FCD11F895B962E4E32D /* AppScanner.swift in Sources */ = {isa = PBXBuildFile; fileRef = 20008FEB2ECB7E9946A99CBD /* AppScanner.swift */; };
		57358A506850347036CE583E /* FolderInfo.swift in Sources */ = {isa = PBXBuildFile; fileRef = D3878FE9A34EAF3AAFF0447E /* FolderInfo.swift */; };
		5CE2692CB791F7852C2A25FA /* LaunchpadWindowController.swift in Sources */ = {isa = PBXBuildFile; fileRef = 0348AEAAF07433837BCFCF59 /* LaunchpadWindowController.swift */; };
		5FE9A826CEF11612C87B15A3 /* AppInfo.swift in Sources */ = {isa = PBXBuildFile; fileRef = 391A0D59F67B9A8DED268F55 /* AppInfo.swift */; };
		67B5E83F4FC921228F24BC3D /* LaunchpadView.swift in Sources */ = {isa = PBXBuildFile; fileRef = 646E7C03C74BB5E5619A63B7 /* LaunchpadView.swift */; };
		8DFD8536819B54131C593C1D /* LaunchpadViewModel.swift in Sources */ = {isa = PBXBuildFile; fileRef = 33FF0D2288330AD2F43CCCE3 /* LaunchpadViewModel.swift */; };
		8FF0A30EFEA6A3E9DE2AB833 /* PageIndicatorView.swift in Sources */ = {isa = PBXBuildFile; fileRef = B13BB2C9D42C5393730D7DF3 /* PageIndicatorView.swift */; };
		97784A363D6E485702042EEF /* FolderThumbnailView.swift in Sources */ = {isa = PBXBuildFile; fileRef = E089DBDC860DD0E4D103A82D /* FolderThumbnailView.swift */; };
		A36A6D9E58E93500498FEAD6 /* AppDelegate.swift in Sources */ = {isa = PBXBuildFile; fileRef = 2481B06DA5521D3CE3F58222 /* AppDelegate.swift */; };
		AA8BABEF72A1D4BDC53403B5 /* AppIconView.swift in Sources */ = {isa = PBXBuildFile; fileRef = FA26C5811E8E077635927696 /* AppIconView.swift */; };
		C7700E5FA1F3E5A51F032084 /* SearchBarView.swift in Sources */ = {isa = PBXBuildFile; fileRef = 29DA6E86F68953D4ED4D5C25 /* SearchBarView.swift */; };
		CE53B194339369B1D415AE9C /* WobbleModifier.swift in Sources */ = {isa = PBXBuildFile; fileRef = 88E82B78948C6D2A4056669A /* WobbleModifier.swift */; };
		E46A0A5C160467A0C14E5B04 /* AppLaunchpadApp.swift in Sources */ = {isa = PBXBuildFile; fileRef = 0915EDF9A5283181DB0CF3DB /* AppLaunchpadApp.swift */; };
		F0DB7C5FD6EB256E784541EC /* FolderExpandedView.swift in Sources */ = {isa = PBXBuildFile; fileRef = C146C0F827A8BA6F36C2D475 /* FolderExpandedView.swift */; };
/* End PBXBuildFile section */

/* Begin PBXFileReference section */
		0348AEAAF07433837BCFCF59 /* LaunchpadWindowController.swift */ = {isa = PBXFileReference; lastKnownFileType = sourcecode.swift; path = LaunchpadWindowController.swift; sourceTree = "<group>"; };
		0915EDF9A5283181DB0CF3DB /* AppLaunchpadApp.swift */ = {isa = PBXFileReference; lastKnownFileType = sourcecode.swift; path = AppLaunchpadApp.swift; sourceTree = "<group>"; };
		0E7B942F0AE743967FAA542A /* GridPageView.swift */ = {isa = PBXFileReference; lastKnownFileType = sourcecode.swift; path = GridPageView.swift; sourceTree = "<group>"; };
		20008FEB2ECB7E9946A99CBD /* AppScanner.swift */ = {isa = PBXFileReference; lastKnownFileType = sourcecode.swift; path = AppScanner.swift; sourceTree = "<group>"; };
		2481B06DA5521D3CE3F58222 /* AppDelegate.swift */ = {isa = PBXFileReference; lastKnownFileType = sourcecode.swift; path = AppDelegate.swift; sourceTree = "<group>"; };
		29DA6E86F68953D4ED4D5C25 /* SearchBarView.swift */ = {isa = PBXFileReference; lastKnownFileType = sourcecode.swift; path = SearchBarView.swift; sourceTree = "<group>"; };
		33FF0D2288330AD2F43CCCE3 /* LaunchpadViewModel.swift */ = {isa = PBXFileReference; lastKnownFileType = sourcecode.swift; path = LaunchpadViewModel.swift; sourceTree = "<group>"; };
		391A0D59F67B9A8DED268F55 /* AppInfo.swift */ = {isa = PBXFileReference; lastKnownFileType = sourcecode.swift; path = AppInfo.swift; sourceTree = "<group>"; };
		4E5468B5E7544D5B8745AA7D /* Info.plist */ = {isa = PBXFileReference; lastKnownFileType = text.plist; path = Info.plist; sourceTree = "<group>"; };
		59C1E1B7C3ACC4BA22DFCBB0 /* AppLaunchpad.entitlements */ = {isa = PBXFileReference; lastKnownFileType = text.plist.entitlements; path = AppLaunchpad.entitlements; sourceTree = "<group>"; };
		646E7C03C74BB5E5619A63B7 /* LaunchpadView.swift */ = {isa = PBXFileReference; lastKnownFileType = sourcecode.swift; path = LaunchpadView.swift; sourceTree = "<group>"; };
		6B1AD81D2C9486EF9AF88D3C /* BackgroundView.swift */ = {isa = PBXFileReference; lastKnownFileType = sourcecode.swift; path = BackgroundView.swift; sourceTree = "<group>"; };
		88E82B78948C6D2A4056669A /* WobbleModifier.swift */ = {isa = PBXFileReference; lastKnownFileType = sourcecode.swift; path = WobbleModifier.swift; sourceTree = "<group>"; };
		99EF354D7141BB013C65719A /* AppLaunchpad.app */ = {isa = PBXFileReference; explicitFileType = wrapper.application; includeInIndex = 0; path = AppLaunchpad.app; sourceTree = BUILT_PRODUCTS_DIR; };
		9BA6BC8E074B251A875E3599 /* LayoutData.swift */ = {isa = PBXFileReference; lastKnownFileType = sourcecode.swift; path = LayoutData.swift; sourceTree = "<group>"; };
		B13BB2C9D42C5393730D7DF3 /* PageIndicatorView.swift */ = {isa = PBXFileReference; lastKnownFileType = sourcecode.swift; path = PageIndicatorView.swift; sourceTree = "<group>"; };
		B3FBD4826F760701DE617F7E /* LayoutStore.swift */ = {isa = PBXFileReference; lastKnownFileType = sourcecode.swift; path = LayoutStore.swift; sourceTree = "<group>"; };
		C146C0F827A8BA6F36C2D475 /* FolderExpandedView.swift */ = {isa = PBXFileReference; lastKnownFileType = sourcecode.swift; path = FolderExpandedView.swift; sourceTree = "<group>"; };
		C9E6F8441A87939DD7AD5F64 /* IconCache.swift */ = {isa = PBXFileReference; lastKnownFileType = sourcecode.swift; path = IconCache.swift; sourceTree = "<group>"; };
		D3878FE9A34EAF3AAFF0447E /* FolderInfo.swift */ = {isa = PBXFileReference; lastKnownFileType = sourcecode.swift; path = FolderInfo.swift; sourceTree = "<group>"; };
		E089DBDC860DD0E4D103A82D /* FolderThumbnailView.swift */ = {isa = PBXFileReference; lastKnownFileType = sourcecode.swift; path = FolderThumbnailView.swift; sourceTree = "<group>"; };
		FA26C5811E8E077635927696 /* AppIconView.swift */ = {isa = PBXFileReference; lastKnownFileType = sourcecode.swift; path = AppIconView.swift; sourceTree = "<group>"; };
		FCE6821DCD64715CC5D42BD7 /* DragState.swift */ = {isa = PBXFileReference; lastKnownFileType = sourcecode.swift; path = DragState.swift; sourceTree = "<group>"; };
/* End PBXFileReference section */

/* Begin PBXGroup section */
		3A495ACBBBF0D2BA1412EBC7 /* Services */ = {
			isa = PBXGroup;
			children = (
				20008FEB2ECB7E9946A99CBD /* AppScanner.swift */,
				C9E6F8441A87939DD7AD5F64 /* IconCache.swift */,
			);
			path = Services;
			sourceTree = "<group>";
		};
		56DD3F89CED4B4A748BAB2F2 /* Persistence */ = {
			isa = PBXGroup;
			children = (
				B3FBD4826F760701DE617F7E /* LayoutStore.swift */,
			);
			path = Persistence;
			sourceTree = "<group>";
		};
		9B6F59EFF32BF8B85872E0F5 /* ViewModel */ = {
			isa = PBXGroup;
			children = (
				33FF0D2288330AD2F43CCCE3 /* LaunchpadViewModel.swift */,
			);
			path = ViewModel;
			sourceTree = "<group>";
		};
		A5739D7518944EDD24010D48 /* Products */ = {
			isa = PBXGroup;
			children = (
				99EF354D7141BB013C65719A /* AppLaunchpad.app */,
			);
			name = Products;
			sourceTree = "<group>";
		};
		AC64924C0C060EDE2C7DB0B9 /* App */ = {
			isa = PBXGroup;
			children = (
				2481B06DA5521D3CE3F58222 /* AppDelegate.swift */,
				0915EDF9A5283181DB0CF3DB /* AppLaunchpadApp.swift */,
			);
			path = App;
			sourceTree = "<group>";
		};
		CA2E636C133A8C624F0B17B9 /* Window */ = {
			isa = PBXGroup;
			children = (
				0348AEAAF07433837BCFCF59 /* LaunchpadWindowController.swift */,
			);
			path = Window;
			sourceTree = "<group>";
		};
		CB8C2FB4D17FE48FBC36A491 = {
			isa = PBXGroup;
			children = (
				F4AD290FC3C857C0577DD874 /* AppLaunchpad */,
				A5739D7518944EDD24010D48 /* Products */,
			);
			sourceTree = "<group>";
		};
		F0595DAC755509464754CA10 /* Models */ = {
			isa = PBXGroup;
			children = (
				391A0D59F67B9A8DED268F55 /* AppInfo.swift */,
				FCE6821DCD64715CC5D42BD7 /* DragState.swift */,
				D3878FE9A34EAF3AAFF0447E /* FolderInfo.swift */,
				9BA6BC8E074B251A875E3599 /* LayoutData.swift */,
			);
			path = Models;
			sourceTree = "<group>";
		};
		F4AD290FC3C857C0577DD874 /* AppLaunchpad */ = {
			isa = PBXGroup;
			children = (
				AC64924C0C060EDE2C7DB0B9 /* App */,
				F0595DAC755509464754CA10 /* Models */,
				56DD3F89CED4B4A748BAB2F2 /* Persistence */,
				3A495ACBBBF0D2BA1412EBC7 /* Services */,
				9B6F59EFF32BF8B85872E0F5 /* ViewModel */,
				FADCBCE41079482ED837600B /* Views */,
				CA2E636C133A8C624F0B17B9 /* Window */,
				59C1E1B7C3ACC4BA22DFCBB0 /* AppLaunchpad.entitlements */,
				4E5468B5E7544D5B8745AA7D /* Info.plist */,
			);
			path = AppLaunchpad;
			sourceTree = "<group>";
		};
		FADCBCE41079482ED837600B /* Views */ = {
			isa = PBXGroup;
			children = (
				FA26C5811E8E077635927696 /* AppIconView.swift */,
				6B1AD81D2C9486EF9AF88D3C /* BackgroundView.swift */,
				C146C0F827A8BA6F36C2D475 /* FolderExpandedView.swift */,
				E089DBDC860DD0E4D103A82D /* FolderThumbnailView.swift */,
				0E7B942F0AE743967FAA542A /* GridPageView.swift */,
				646E7C03C74BB5E5619A63B7 /* LaunchpadView.swift */,
				B13BB2C9D42C5393730D7DF3 /* PageIndicatorView.swift */,
				29DA6E86F68953D4ED4D5C25 /* SearchBarView.swift */,
				88E82B78948C6D2A4056669A /* WobbleModifier.swift */,
			);
			path = Views;
			sourceTree = "<group>";
		};
/* End PBXGroup section */

/* Begin PBXNativeTarget section */
		07983CE75746BE1D0337F6DE /* AppLaunchpad */ = {
			isa = PBXNativeTarget;
			buildConfigurationList = 2B89683ECF6D27C683AEE194 /* Build configuration list for PBXNativeTarget "AppLaunchpad" */;
			buildPhases = (
				86CFD841D420B11E06F76DCE /* Sources */,
			);
			buildRules = (
			);
			dependencies = (
			);
			name = AppLaunchpad;
			packageProductDependencies = (
			);
			productName = AppLaunchpad;
			productReference = 99EF354D7141BB013C65719A /* AppLaunchpad.app */;
			productType = "com.apple.product-type.application";
		};
/* End PBXNativeTarget section */

/* Begin PBXProject section */
		7703060024EA824D5DC117AD /* Project object */ = {
			isa = PBXProject;
			attributes = {
				BuildIndependentTargetsInParallel = YES;
				LastUpgradeCheck = 1430;
				TargetAttributes = {
					07983CE75746BE1D0337F6DE = {
						ProvisioningStyle = Automatic;
					};
				};
			};
			buildConfigurationList = 28FAF3315EFE00754F2832F8 /* Build configuration list for PBXProject "AppLaunchpad" */;
			developmentRegion = en;
			hasScannedForEncodings = 0;
			knownRegions = (
				Base,
				en,
			);
			mainGroup = CB8C2FB4D17FE48FBC36A491;
			minimizedProjectReferenceProxies = 1;
			preferredProjectObjectVersion = 77;
			productRefGroup = A5739D7518944EDD24010D48 /* Products */;
			projectDirPath = "";
			projectRoot = "";
			targets = (
				07983CE75746BE1D0337F6DE /* AppLaunchpad */,
			);
		};
/* End PBXProject section */

/* Begin PBXSourcesBuildPhase section */
		86CFD841D420B11E06F76DCE /* Sources */ = {
			isa = PBXSourcesBuildPhase;
			buildActionMask = 2147483647;
			files = (
				A36A6D9E58E93500498FEAD6 /* AppDelegate.swift in Sources */,
				AA8BABEF72A1D4BDC53403B5 /* AppIconView.swift in Sources */,
				5FE9A826CEF11612C87B15A3 /* AppInfo.swift in Sources */,
				E46A0A5C160467A0C14E5B04 /* AppLaunchpadApp.swift in Sources */,
				4B352FCD11F895B962E4E32D /* AppScanner.swift in Sources */,
				33CC86A828615DA440BA4737 /* BackgroundView.swift in Sources */,
				264E5AED4ADD07EFC41B62E3 /* DragState.swift in Sources */,
				F0DB7C5FD6EB256E784541EC /* FolderExpandedView.swift in Sources */,
				57358A506850347036CE583E /* FolderInfo.swift in Sources */,
				97784A363D6E485702042EEF /* FolderThumbnailView.swift in Sources */,
				30F2F846DB09A6EE9B5D3683 /* GridPageView.swift in Sources */,
				1468118946B482229EFFF870 /* IconCache.swift in Sources */,
				67B5E83F4FC921228F24BC3D /* LaunchpadView.swift in Sources */,
				8DFD8536819B54131C593C1D /* LaunchpadViewModel.swift in Sources */,
				5CE2692CB791F7852C2A25FA /* LaunchpadWindowController.swift in Sources */,
				2A34A0F611588FDA089AB033 /* LayoutData.swift in Sources */,
				4AC1B14CC52E7AE5D7BF927F /* LayoutStore.swift in Sources */,
				8FF0A30EFEA6A3E9DE2AB833 /* PageIndicatorView.swift in Sources */,
				C7700E5FA1F3E5A51F032084 /* SearchBarView.swift in Sources */,
				CE53B194339369B1D415AE9C /* WobbleModifier.swift in Sources */,
			);
			runOnlyForDeploymentPostprocessing = 0;
		};
/* End PBXSourcesBuildPhase section */

/* Begin XCBuildConfiguration section */
		1CB855266685AFAD0E0505D3 /* Debug */ = {
			isa = XCBuildConfiguration;
			buildSettings = {
				ALWAYS_SEARCH_USER_PATHS = NO;
				CLANG_ANALYZER_NONNULL = YES;
				CLANG_ANALYZER_NUMBER_OBJECT_CONVERSION = YES_AGGRESSIVE;
				CLANG_CXX_LANGUAGE_STANDARD = "gnu++14";
				CLANG_CXX_LIBRARY = "libc++";
				CLANG_ENABLE_MODULES = YES;
				CLANG_ENABLE_OBJC_ARC = YES;
				CLANG_ENABLE_OBJC_WEAK = YES;
				CLANG_WARN_BLOCK_CAPTURE_AUTORELEASING = YES;
				CLANG_WARN_BOOL_CONVERSION = YES;
				CLANG_WARN_COMMA = YES;
				CLANG_WARN_CONSTANT_CONVERSION = YES;
				CLANG_WARN_DEPRECATED_OBJC_IMPLEMENTATIONS = YES;
				CLANG_WARN_DIRECT_OBJC_ISA_USAGE = YES_ERROR;
				CLANG_WARN_DOCUMENTATION_COMMENTS = YES;
				CLANG_WARN_EMPTY_BODY = YES;
				CLANG_WARN_ENUM_CONVERSION = YES;
				CLANG_WARN_INFINITE_RECURSION = YES;
				CLANG_WARN_INT_CONVERSION = YES;
				CLANG_WARN_NON_LITERAL_NULL_CONVERSION = YES;
				CLANG_WARN_OBJC_IMPLICIT_RETAIN_SELF = YES;
				CLANG_WARN_OBJC_LITERAL_CONVERSION = YES;
				CLANG_WARN_OBJC_ROOT_CLASS = YES_ERROR;
				CLANG_WARN_QUOTED_INCLUDE_IN_FRAMEWORK_HEADER = YES;
				CLANG_WARN_RANGE_LOOP_ANALYSIS = YES;
				CLANG_WARN_STRICT_PROTOTYPES = YES;
				CLANG_WARN_SUSPICIOUS_MOVE = YES;
				CLANG_WARN_UNGUARDED_AVAILABILITY = YES_AGGRESSIVE;
				CLANG_WARN_UNREACHABLE_CODE = YES;
				CLANG_WARN__DUPLICATE_METHOD_MATCH = YES;
				CODE_SIGN_STYLE = Automatic;
				COPY_PHASE_STRIP = NO;
				DEBUG_INFORMATION_FORMAT = "dwarf-with-dsym";
				ENABLE_HARDENED_RUNTIME = YES;
				ENABLE_STRICT_OBJC_MSGSEND = YES;
				ENABLE_TESTABILITY = YES;
				GCC_C_LANGUAGE_STANDARD = gnu11;
				GCC_DYNAMIC_NO_PIC = NO;
				GCC_NO_COMMON_BLOCKS = YES;
				GCC_OPTIMIZATION_LEVEL = 0;
				GCC_PREPROCESSOR_DEFINITIONS = (
					"$(inherited)",
					"DEBUG=1",
				);
				GCC_WARN_64_TO_32_BIT_CONVERSION = YES;
				GCC_WARN_ABOUT_RETURN_TYPE = YES_ERROR;
				GCC_WARN_UNDECLARED_SELECTOR = YES;
				GCC_WARN_UNINITIALIZED_AUTOS = YES_AGGRESSIVE;
				GCC_WARN_UNUSED_FUNCTION = YES;
				GCC_WARN_UNUSED_VARIABLE = YES;
				MACOSX_DEPLOYMENT_TARGET = 26.0;
				MTL_ENABLE_DEBUG_INFO = INCLUDE_SOURCE;
				MTL_FAST_MATH = YES;
				ONLY_ACTIVE_ARCH = YES;
				PRODUCT_BUNDLE_IDENTIFIER = com.applaunchpad.app;
				PRODUCT_NAME = "$(TARGET_NAME)";
				SDKROOT = macosx;
				SWIFT_ACTIVE_COMPILATION_CONDITIONS = DEBUG;
				SWIFT_OPTIMIZATION_LEVEL = "-Onone";
				SWIFT_STRICT_CONCURRENCY = complete;
				SWIFT_VERSION = 6.0;
			};
			name = Debug;
		};
		2EB6AE508AF121A79B96478F /* Debug */ = {
			isa = XCBuildConfiguration;
			buildSettings = {
				ASSETCATALOG_COMPILER_APPICON_NAME = AppIcon;
				CODE_SIGN_ENTITLEMENTS = AppLaunchpad/AppLaunchpad.entitlements;
				COMBINE_HIDPI_IMAGES = YES;
				INFOPLIST_FILE = AppLaunchpad/Info.plist;
				LD_RUNPATH_SEARCH_PATHS = (
					"$(inherited)",
					"@executable_path/../Frameworks",
				);
				MACOSX_DEPLOYMENT_TARGET = 26.0;
				PRODUCT_NAME = AppLaunchpad;
				SDKROOT = macosx;
			};
			name = Debug;
		};
		4B454A49EA5BD329B604B6A7 /* Release */ = {
			isa = XCBuildConfiguration;
			buildSettings = {
				ASSETCATALOG_COMPILER_APPICON_NAME = AppIcon;
				CODE_SIGN_ENTITLEMENTS = AppLaunchpad/AppLaunchpad.entitlements;
				COMBINE_HIDPI_IMAGES = YES;
				INFOPLIST_FILE = AppLaunchpad/Info.plist;
				LD_RUNPATH_SEARCH_PATHS = (
					"$(inherited)",
					"@executable_path/../Frameworks",
				);
				MACOSX_DEPLOYMENT_TARGET = 26.0;
				PRODUCT_NAME = AppLaunchpad;
				SDKROOT = macosx;
			};
			name = Release;
		};
		C30D2ED30D9EC39EA31E6D2C /* Release */ = {
			isa = XCBuildConfiguration;
			buildSettings = {
				ALWAYS_SEARCH_USER_PATHS = NO;
				CLANG_ANALYZER_NONNULL = YES;
				CLANG_ANALYZER_NUMBER_OBJECT_CONVERSION = YES_AGGRESSIVE;
				CLANG_CXX_LANGUAGE_STANDARD = "gnu++14";
				CLANG_CXX_LIBRARY = "libc++";
				CLANG_ENABLE_MODULES = YES;
				CLANG_ENABLE_OBJC_ARC = YES;
				CLANG_ENABLE_OBJC_WEAK = YES;
				CLANG_WARN_BLOCK_CAPTURE_AUTORELEASING = YES;
				CLANG_WARN_BOOL_CONVERSION = YES;
				CLANG_WARN_COMMA = YES;
				CLANG_WARN_CONSTANT_CONVERSION = YES;
				CLANG_WARN_DEPRECATED_OBJC_IMPLEMENTATIONS = YES;
				CLANG_WARN_DIRECT_OBJC_ISA_USAGE = YES_ERROR;
				CLANG_WARN_DOCUMENTATION_COMMENTS = YES;
				CLANG_WARN_EMPTY_BODY = YES;
				CLANG_WARN_ENUM_CONVERSION = YES;
				CLANG_WARN_INFINITE_RECURSION = YES;
				CLANG_WARN_INT_CONVERSION = YES;
				CLANG_WARN_NON_LITERAL_NULL_CONVERSION = YES;
				CLANG_WARN_OBJC_IMPLICIT_RETAIN_SELF = YES;
				CLANG_WARN_OBJC_LITERAL_CONVERSION = YES;
				CLANG_WARN_OBJC_ROOT_CLASS = YES_ERROR;
				CLANG_WARN_QUOTED_INCLUDE_IN_FRAMEWORK_HEADER = YES;
				CLANG_WARN_RANGE_LOOP_ANALYSIS = YES;
				CLANG_WARN_STRICT_PROTOTYPES = YES;
				CLANG_WARN_SUSPICIOUS_MOVE = YES;
				CLANG_WARN_UNGUARDED_AVAILABILITY = YES_AGGRESSIVE;
				CLANG_WARN_UNREACHABLE_CODE = YES;
				CLANG_WARN__DUPLICATE_METHOD_MATCH = YES;
				CODE_SIGN_STYLE = Automatic;
				COPY_PHASE_STRIP = NO;
				DEBUG_INFORMATION_FORMAT = "dwarf-with-dsym";
				ENABLE_HARDENED_RUNTIME = YES;
				ENABLE_NS_ASSERTIONS = NO;
				ENABLE_STRICT_OBJC_MSGSEND = YES;
				GCC_C_LANGUAGE_STANDARD = gnu11;
				GCC_NO_COMMON_BLOCKS = YES;
				GCC_WARN_64_TO_32_BIT_CONVERSION = YES;
				GCC_WARN_ABOUT_RETURN_TYPE = YES_ERROR;
				GCC_WARN_UNDECLARED_SELECTOR = YES;
				GCC_WARN_UNINITIALIZED_AUTOS = YES_AGGRESSIVE;
				GCC_WARN_UNUSED_FUNCTION = YES;
				GCC_WARN_UNUSED_VARIABLE = YES;
				MACOSX_DEPLOYMENT_TARGET = 26.0;
				MTL_ENABLE_DEBUG_INFO = NO;
				MTL_FAST_MATH = YES;
				PRODUCT_BUNDLE_IDENTIFIER = com.applaunchpad.app;
				PRODUCT_NAME = "$(TARGET_NAME)";
				SDKROOT = macosx;
				SWIFT_COMPILATION_MODE = wholemodule;
				SWIFT_OPTIMIZATION_LEVEL = "-O";
				SWIFT_STRICT_CONCURRENCY = complete;
				SWIFT_VERSION = 6.0;
			};
			name = Release;
		};
/* End XCBuildConfiguration section */

/* Begin XCConfigurationList section */
		28FAF3315EFE00754F2832F8 /* Build configuration list for PBXProject "AppLaunchpad" */ = {
			isa = XCConfigurationList;
			buildConfigurations = (
				1CB855266685AFAD0E0505D3 /* Debug */,
				C30D2ED30D9EC39EA31E6D2C /* Release */,
			);
			defaultConfigurationIsVisible = 0;
			defaultConfigurationName = Debug;
		};
		2B89683ECF6D27C683AEE194 /* Build configuration list for PBXNativeTarget "AppLaunchpad" */ = {
			isa = XCConfigurationList;
			buildConfigurations = (
				2EB6AE508AF121A79B96478F /* Debug */,
				4B454A49EA5BD329B604B6A7 /* Release */,
			);
			defaultConfigurationIsVisible = 0;
			defaultConfigurationName = Debug;
		};
/* End XCConfigurationList section */
	};
	rootObject = 7703060024EA824D5DC117AD /* Project object */;
}
