// !$*UTF8*$!
{
	archiveVersion = 1;
	classes = {
	};
	objectVersion = 77;
	objects = {

/* Begin PBXBuildFile section */
		A36A6D9E58E93500498FEAD6 /* AppDelegate.swift in Sources */ = {isa = PBXBuildFile; fileRef = 2481B06DA5521D3CE3F58222 /* AppDelegate.swift */; };
		E46A0A5C160467A0C14E5B04 /* AppLaunchpadApp.swift in Sources */ = {isa = PBXBuildFile; fileRef = 0915EDF9A5283181DB0CF3DB /* AppLaunchpadApp.swift */; };
/* End PBXBuildFile section */

/* Begin PBXFileReference section */
		0915EDF9A5283181DB0CF3DB /* AppLaunchpadApp.swift */ = {isa = PBXFileReference; lastKnownFileType = sourcecode.swift; path = AppLaunchpadApp.swift; sourceTree = "<group>"; };
		2481B06DA5521D3CE3F58222 /* AppDelegate.swift */ = {isa = PBXFileReference; lastKnownFileType = sourcecode.swift; path = AppDelegate.swift; sourceTree = "<group>"; };
		4E5468B5E7544D5B8745AA7D /* Info.plist */ = {isa = PBXFileReference; lastKnownFileType = text.plist; path = Info.plist; sourceTree = "<group>"; };
		59C1E1B7C3ACC4BA22DFCBB0 /* AppLaunchpad.entitlements */ = {isa = PBXFileReference; lastKnownFileType = text.plist.entitlements; path = AppLaunchpad.entitlements; sourceTree = "<group>"; };
		99EF354D7141BB013C65719A /* AppLaunchpad.app */ = {isa = PBXFileReference; explicitFileType = wrapper.application; includeInIndex = 0; path = AppLaunchpad.app; sourceTree = BUILT_PRODUCTS_DIR; };
/* End PBXFileReference section */

/* Begin PBXGroup section */
		A5739D7518944EDD24010D48 /* Products */ = {
			isa = PBXGroup;
			children = (
				99EF354D7141BB013C65719A /* AppLaunchpad.app */,
			);
			name = Products;
			sourceTree = "<group>";
		};
		AC64924C0C060EDE2C7DB0B9 /* App */ = {
			isa = PBXGroup;
			children = (
				2481B06DA5521D3CE3F58222 /* AppDelegate.swift */,
				0915EDF9A5283181DB0CF3DB /* AppLaunchpadApp.swift */,
			);
			path = App;
			sourceTree = "<group>";
		};
		CB8C2FB4D17FE48FBC36A491 = {
			isa = PBXGroup;
			children = (
				F4AD290FC3C857C0577DD874 /* AppLaunchpad */,
				A5739D7518944EDD24010D48 /* Products */,
			);
			sourceTree = "<group>";
		};
		F4AD290FC3C857C0577DD874 /* AppLaunchpad */ = {
			isa = PBXGroup;
			children = (
				AC64924C0C060EDE2C7DB0B9 /* App */,
				59C1E1B7C3ACC4BA22DFCBB0 /* AppLaunchpad.entitlements */,
				4E5468B5E7544D5B8745AA7D /* Info.plist */,
			);
			path = AppLaunchpad;
			sourceTree = "<group>";
		};
/* End PBXGroup section */

/* Begin PBXNativeTarget section */
		07983CE75746BE1D0337F6DE /* AppLaunchpad */ = {
			isa = PBXNativeTarget;
			buildConfigurationList = 2B89683ECF6D27C683AEE194 /* Build configuration list for PBXNativeTarget "AppLaunchpad" */;
			buildPhases = (
				86CFD841D420B11E06F76DCE /* Sources */,
			);
			buildRules = (
			);
			dependencies = (
			);
			name = AppLaunchpad;
			packageProductDependencies = (
			);
			productName = AppLaunchpad;
			productReference = 99EF354D7141BB013C65719A /* AppLaunchpad.app */;
			productType = "com.apple.product-type.application";
		};
/* End PBXNativeTarget section */

/* Begin PBXProject section */
		7703060024EA824D5DC117AD /* Project object */ = {
			isa = PBXProject;
			attributes = {
				BuildIndependentTargetsInParallel = YES;
				LastUpgradeCheck = 1430;
				TargetAttributes = {
					07983CE75746BE1D0337F6DE = {
						ProvisioningStyle = Automatic;
					};
				};
			};
			buildConfigurationList = 28FAF3315EFE00754F2832F8 /* Build configuration list for PBXProject "AppLaunchpad" */;
			developmentRegion = en;
			hasScannedForEncodings = 0;
			knownRegions = (
				Base,
				en,
			);
			mainGroup = CB8C2FB4D17FE48FBC36A491;
			minimizedProjectReferenceProxies = 1;
			preferredProjectObjectVersion = 77;
			productRefGroup = A5739D7518944EDD24010D48 /* Products */;
			projectDirPath = "";
			projectRoot = "";
			targets = (
				07983CE75746BE1D0337F6DE /* AppLaunchpad */,
			);
		};
/* End PBXProject section */

/* Begin PBXSourcesBuildPhase section */
		86CFD841D420B11E06F76DCE /* Sources */ = {
			isa = PBXSourcesBuildPhase;
			buildActionMask = 2147483647;
			files = (
				A36A6D9E58E93500498FEAD6 /* AppDelegate.swift in Sources */,
				E46A0A5C160467A0C14E5B04 /* AppLaunchpadApp.swift in Sources */,
			);
			runOnlyForDeploymentPostprocessing = 0;
		};
/* End PBXSourcesBuildPhase section */

/* Begin XCBuildConfiguration section */
		1CB855266685AFAD0E0505D3 /* Debug */ = {
			isa = XCBuildConfiguration;
			buildSettings = {
				ALWAYS_SEARCH_USER_PATHS = NO;
				CLANG_ANALYZER_NONNULL = YES;
				CLANG_ANALYZER_NUMBER_OBJECT_CONVERSION = YES_AGGRESSIVE;
				CLANG_CXX_LANGUAGE_STANDARD = "gnu++14";
				CLANG_CXX_LIBRARY = "libc++";
				CLANG_ENABLE_MODULES = YES;
				CLANG_ENABLE_OBJC_ARC = YES;
				CLANG_ENABLE_OBJC_WEAK = YES;
				CLANG_WARN_BLOCK_CAPTURE_AUTORELEASING = YES;
				CLANG_WARN_BOOL_CONVERSION = YES;
				CLANG_WARN_COMMA = YES;
				CLANG_WARN_CONSTANT_CONVERSION = YES;
				CLANG_WARN_DEPRECATED_OBJC_IMPLEMENTATIONS = YES;
				CLANG_WARN_DIRECT_OBJC_ISA_USAGE = YES_ERROR;
				CLANG_WARN_DOCUMENTATION_COMMENTS = YES;
				CLANG_WARN_EMPTY_BODY = YES;
				CLANG_WARN_ENUM_CONVERSION = YES;
				CLANG_WARN_INFINITE_RECURSION = YES;
				CLANG_WARN_INT_CONVERSION = YES;
				CLANG_WARN_NON_LITERAL_NULL_CONVERSION = YES;
				CLANG_WARN_OBJC_IMPLICIT_RETAIN_SELF = YES;
				CLANG_WARN_OBJC_LITERAL_CONVERSION = YES;
				CLANG_WARN_OBJC_ROOT_CLASS = YES_ERROR;
				CLANG_WARN_QUOTED_INCLUDE_IN_FRAMEWORK_HEADER = YES;
				CLANG_WARN_RANGE_LOOP_ANALYSIS = YES;
				CLANG_WARN_STRICT_PROTOTYPES = YES;
				CLANG_WARN_SUSPICIOUS_MOVE = YES;
				CLANG_WARN_UNGUARDED_AVAILABILITY = YES_AGGRESSIVE;
				CLANG_WARN_UNREACHABLE_CODE = YES;
				CLANG_WARN__DUPLICATE_METHOD_MATCH = YES;
				CODE_SIGN_STYLE = Automatic;
				COPY_PHASE_STRIP = NO;
				DEBUG_INFORMATION_FORMAT = "dwarf-with-dsym";
				ENABLE_HARDENED_RUNTIME = YES;
				ENABLE_STRICT_OBJC_MSGSEND = YES;
				ENABLE_TESTABILITY = YES;
				GCC_C_LANGUAGE_STANDARD = gnu11;
				GCC_DYNAMIC_NO_PIC = NO;
				GCC_NO_COMMON_BLOCKS = YES;
				GCC_OPTIMIZATION_LEVEL = 0;
				GCC_PREPROCESSOR_DEFINITIONS = (
					"$(inherited)",
					"DEBUG=1",
				);
				GCC_WARN_64_TO_32_BIT_CONVERSION = YES;
				GCC_WARN_ABOUT_RETURN_TYPE = YES_ERROR;
				GCC_WARN_UNDECLARED_SELECTOR = YES;
				GCC_WARN_UNINITIALIZED_AUTOS = YES_AGGRESSIVE;
				GCC_WARN_UNUSED_FUNCTION = YES;
				GCC_WARN_UNUSED_VARIABLE = YES;
				MACOSX_DEPLOYMENT_TARGET = 26.0;
				MTL_ENABLE_DEBUG_INFO = INCLUDE_SOURCE;
				MTL_FAST_MATH = YES;
				ONLY_ACTIVE_ARCH = YES;
				PRODUCT_BUNDLE_IDENTIFIER = com.applaunchpad.app;
				PRODUCT_NAME = "$(TARGET_NAME)";
				SDKROOT = macosx;
				SWIFT_ACTIVE_COMPILATION_CONDITIONS = DEBUG;
				SWIFT_OPTIMIZATION_LEVEL = "-Onone";
				SWIFT_STRICT_CONCURRENCY = complete;
				SWIFT_VERSION = 6.0;
			};
			name = Debug;
		};
		2EB6AE508AF121A79B96478F /* Debug */ = {
			isa = XCBuildConfiguration;
			buildSettings = {
				ASSETCATALOG_COMPILER_APPICON_NAME = AppIcon;
				CODE_SIGN_ENTITLEMENTS = AppLaunchpad/AppLaunchpad.entitlements;
				COMBINE_HIDPI_IMAGES = YES;
				INFOPLIST_FILE = AppLaunchpad/Info.plist;
				LD_RUNPATH_SEARCH_PATHS = (
					"$(inherited)",
					"@executable_path/../Frameworks",
				);
				MACOSX_DEPLOYMENT_TARGET = 26.0;
				PRODUCT_NAME = AppLaunchpad;
				SDKROOT = macosx;
			};
			name = Debug;
		};
		4B454A49EA5BD329B604B6A7 /* Release */ = {
			isa = XCBuildConfiguration;
			buildSettings = {
				ASSETCATALOG_COMPILER_APPICON_NAME = AppIcon;
				CODE_SIGN_ENTITLEMENTS = AppLaunchpad/AppLaunchpad.entitlements;
				COMBINE_HIDPI_IMAGES = YES;
				INFOPLIST_FILE = AppLaunchpad/Info.plist;
				LD_RUNPATH_SEARCH_PATHS = (
					"$(inherited)",
					"@executable_path/../Frameworks",
				);
				MACOSX_DEPLOYMENT_TARGET = 26.0;
				PRODUCT_NAME = AppLaunchpad;
				SDKROOT = macosx;
			};
			name = Release;
		};
		C30D2ED30D9EC39EA31E6D2C /* Release */ = {
			isa = XCBuildConfiguration;
			buildSettings = {
				ALWAYS_SEARCH_USER_PATHS = NO;
				CLANG_ANALYZER_NONNULL = YES;
				CLANG_ANALYZER_NUMBER_OBJECT_CONVERSION = YES_AGGRESSIVE;
				CLANG_CXX_LANGUAGE_STANDARD = "gnu++14";
				CLANG_CXX_LIBRARY = "libc++";
				CLANG_ENABLE_MODULES = YES;
				CLANG_ENABLE_OBJC_ARC = YES;
				CLANG_ENABLE_OBJC_WEAK = YES;
				CLANG_WARN_BLOCK_CAPTURE_AUTORELEASING = YES;
				CLANG_WARN_BOOL_CONVERSION = YES;
				CLANG_WARN_COMMA = YES;
				CLANG_WARN_CONSTANT_CONVERSION = YES;
				CLANG_WARN_DEPRECATED_OBJC_IMPLEMENTATIONS = YES;
				CLANG_WARN_DIRECT_OBJC_ISA_USAGE = YES_ERROR;
				CLANG_WARN_DOCUMENTATION_COMMENTS = YES;
				CLANG_WARN_EMPTY_BODY = YES;
				CLANG_WARN_ENUM_CONVERSION = YES;
				CLANG_WARN_INFINITE_RECURSION = YES;
				CLANG_WARN_INT_CONVERSION = YES;
				CLANG_WARN_NON_LITERAL_NULL_CONVERSION = YES;
				CLANG_WARN_OBJC_IMPLICIT_RETAIN_SELF = YES;
				CLANG_WARN_OBJC_LITERAL_CONVERSION = YES;
				CLANG_WARN_OBJC_ROOT_CLASS = YES_ERROR;
				CLANG_WARN_QUOTED_INCLUDE_IN_FRAMEWORK_HEADER = YES;
				CLANG_WARN_RANGE_LOOP_ANALYSIS = YES;
				CLANG_WARN_STRICT_PROTOTYPES = YES;
				CLANG_WARN_SUSPICIOUS_MOVE = YES;
				CLANG_WARN_UNGUARDED_AVAILABILITY = YES_AGGRESSIVE;
				CLANG_WARN_UNREACHABLE_CODE = YES;
				CLANG_WARN__DUPLICATE_METHOD_MATCH = YES;
				CODE_SIGN_STYLE = Automatic;
				COPY_PHASE_STRIP = NO;
				DEBUG_INFORMATION_FORMAT = "dwarf-with-dsym";
				ENABLE_HARDENED_RUNTIME = YES;
				ENABLE_NS_ASSERTIONS = NO;
				ENABLE_STRICT_OBJC_MSGSEND = YES;
				GCC_C_LANGUAGE_STANDARD = gnu11;
				GCC_NO_COMMON_BLOCKS = YES;
				GCC_WARN_64_TO_32_BIT_CONVERSION = YES;
				GCC_WARN_ABOUT_RETURN_TYPE = YES_ERROR;
				GCC_WARN_UNDECLARED_SELECTOR = YES;
				GCC_WARN_UNINITIALIZED_AUTOS = YES_AGGRESSIVE;
				GCC_WARN_UNUSED_FUNCTION = YES;
				GCC_WARN_UNUSED_VARIABLE = YES;
				MACOSX_DEPLOYMENT_TARGET = 26.0;
				MTL_ENABLE_DEBUG_INFO = NO;
				MTL_FAST_MATH = YES;
				PRODUCT_BUNDLE_IDENTIFIER = com.applaunchpad.app;
				PRODUCT_NAME = "$(TARGET_NAME)";
				SDKROOT = macosx;
				SWIFT_COMPILATION_MODE = wholemodule;
				SWIFT_OPTIMIZATION_LEVEL = "-O";
				SWIFT_STRICT_CONCURRENCY = complete;
				SWIFT_VERSION = 6.0;
			};
			name = Release;
		};
/* End XCBuildConfiguration section */

/* Begin XCConfigurationList section */
		28FAF3315EFE00754F2832F8 /* Build configuration list for PBXProject "AppLaunchpad" */ = {
			isa = XCConfigurationList;
			buildConfigurations = (
				1CB855266685AFAD0E0505D3 /* Debug */,
				C30D2ED30D9EC39EA31E6D2C /* Release */,
			);
			defaultConfigurationIsVisible = 0;
			defaultConfigurationName = Debug;
		};
		2B89683ECF6D27C683AEE194 /* Build configuration list for PBXNativeTarget "AppLaunchpad" */ = {
			isa = XCConfigurationList;
			buildConfigurations = (
				2EB6AE508AF121A79B96478F /* Debug */,
				4B454A49EA5BD329B604B6A7 /* Release */,
			);
			defaultConfigurationIsVisible = 0;
			defaultConfigurationName = Debug;
		};
/* End XCConfigurationList section */
	};
	rootObject = 7703060024EA824D5DC117AD /* Project object */;
}
